
Microsoft Visual Studio Solution File, Format Version 12.00
# Visual Studio Version 16
VisualStudioVersion = 16.0.29926.136
MinimumVisualStudioVersion = 10.0.40219.1
Project("{FAE04EC0-301F-11D3-BF4B-00C04F79EFBC}") = "ExcelFluentMapper", "ExcelFluentMapper\ExcelFluentMapper.csproj", "{5EA2E004-8B02-439A-ADA3-05DC35C3FF30}"
EndProject
Global
	GlobalSection(SolutionConfigurationPlatforms) = preSolution
		Debug|Any CPU = Debug|Any CPU
		Release|Any CPU = Release|Any CPU
	EndGlobalSection
	GlobalSection(ProjectConfigurationPlatforms) = postSolution
		{5EA2E004-8B02-439A-ADA3-05DC35C3FF30}.Debug|Any CPU.ActiveCfg = Debug|Any CPU
		{5EA2E004-8B02-439A-ADA3-05DC35C3FF30}.Debug|Any CPU.Build.0 = Debug|Any CPU
		{5EA2E004-8B02-439A-ADA3-05DC35C3FF30}.Release|Any CPU.ActiveCfg = Release|Any CPU
		{5EA2E004-8B02-439A-ADA3-05DC35C3FF30}.Release|Any CPU.Build.0 = Release|Any CPU
	EndGlobalSection
	GlobalSection(SolutionProperties) = preSolution
		HideSolutionNode = FALSE
	EndGlobalSection
	GlobalSection(ExtensibilityGlobals) = postSolution
		SolutionGuid = {5568BF74-1CE0-4414-8AE2-1C29467F3FF3}
	EndGlobalSection
EndGlobal
